deedles.dev/xiter v0.0.0-20240903181553-ec85411a9550 h1:P+XGF7JfFPWvD68mirocDKwECEvY76B9IMi3fTaH7GQ=
deedles.dev/xiter v0.0.0-20240903181553-ec85411a9550/go.mod h1:59997UHUsKAy/8bHUClTfeXdyuLZ6z/+yF++vIpxfx8=
deedles.dev/xsync v0.0.0-20240920041009-6377909f36b4 h1:wam1xJgIN5EPMdxTJe2TK6QIRmXfaLGqr6QNBMd6D38=
deedles.dev/xsync v0.0.0-20240920041009-6377909f36b4/go.mod h1:zcITF348os01kHTZ+GjAzf0QPkbTUxbetKgqv3Ey8KY=
